
Microsoft Visual Studio Solution File, Format Version 12.00
# Visual Studio Version 16
VisualStudioVersion = 25.0.1706.14
MinimumVisualStudioVersion = 10.0.40219.1
Project("{FAE04EC0-301F-11D3-BF4B-00C04F79EFBC}") = "CleanArchitecture.API", "CleanArchitecture.API.csproj", "{A07629DF-D73F-4551-9405-8EDEFD82B53A}"
EndProject
Global
	GlobalSection(SolutionConfigurationPlatforms) = preSolution
		Debug|Any CPU = Debug|Any CPU
		Release|Any CPU = Release|Any CPU
	EndGlobalSection
	GlobalSection(ProjectConfigurationPlatforms) = postSolution
		{A07629DF-D73F-4551-9405-8EDEFD82B53A}.Debug|Any CPU.ActiveCfg = Debug|Any CPU
		{A07629DF-D73F-4551-9405-8EDEFD82B53A}.Debug|Any CPU.Build.0 = Debug|Any CPU
		{A07629DF-D73F-4551-9405-8EDEFD82B53A}.Release|Any CPU.ActiveCfg = Release|Any CPU
		{A07629DF-D73F-4551-9405-8EDEFD82B53A}.Release|Any CPU.Build.0 = Release|Any CPU
	EndGlobalSection
	GlobalSection(SolutionProperties) = preSolution
		HideSolutionNode = FALSE
	EndGlobalSection
	GlobalSection(ExtensibilityGlobals) = postSolution
		SolutionGuid = {F81FB50E-6566-417A-95BD-7E5A4A7A288C}
	EndGlobalSection
EndGlobal
